
Microsoft Visual Studio Solution File, Format Version 12.00
# Visual Studio Version 17
VisualStudioVersion = 17.1.32210.238
MinimumVisualStudioVersion = 10.0.40219.1
Project("{FAE04EC0-301F-11D3-BF4B-00C04F79EFBC}") = "Galatasaray Tarihi", "Galatasaray Tarihi\Galatasaray Tarihi.csproj", "{6EBE1D6E-D75C-43B4-9680-E4D77F46FB21}"
EndProject
Global
	GlobalSection(SolutionConfigurationPlatforms) = preSolution
		Debug|Any CPU = Debug|Any CPU
		Release|Any CPU = Release|Any CPU
	EndGlobalSection
	GlobalSection(ProjectConfigurationPlatforms) = postSolution
		{6EBE1D6E-D75C-43B4-9680-E4D77F46FB21}.Debug|Any CPU.ActiveCfg = Debug|Any CPU
		{6EBE1D6E-D75C-43B4-9680-E4D77F46FB21}.Debug|Any CPU.Build.0 = Debug|Any CPU
		{6EBE1D6E-D75C-43B4-9680-E4D77F46FB21}.Release|Any CPU.ActiveCfg = Release|Any CPU
		{6EBE1D6E-D75C-43B4-9680-E4D77F46FB21}.Release|Any CPU.Build.0 = Release|Any CPU
	EndGlobalSection
	GlobalSection(SolutionProperties) = preSolution
		HideSolutionNode = FALSE
	EndGlobalSection
	GlobalSection(ExtensibilityGlobals) = postSolution
		SolutionGuid = {8B3FDF5E-0D23-4E89-A74F-229ADCE80024}
	EndGlobalSection
EndGlobal
